
Microsoft Visual Studio Solution File, Format Version 12.00
# Visual Studio Version 16
VisualStudioVersion = 16.0.31515.178
MinimumVisualStudioVersion = 10.0.40219.1
Project("{FAE04EC0-301F-11D3-BF4B-00C04F79EFBC}") = "SalesWebMvc", "SalesWebMvc\SalesWebMvc.csproj", "{F1941AD8-FD5F-4CF6-A5C0-4CB804FB0FC4}"
EndProject
Global
	GlobalSection(SolutionConfigurationPlatforms) = preSolution
		Debug|Any CPU = Debug|Any CPU
		Release|Any CPU = Release|Any CPU
	EndGlobalSection
	GlobalSection(ProjectConfigurationPlatforms) = postSolution
		{F1941AD8-FD5F-4CF6-A5C0-4CB804FB0FC4}.Debug|Any CPU.ActiveCfg = Debug|Any CPU
		{F1941AD8-FD5F-4CF6-A5C0-4CB804FB0FC4}.Debug|Any CPU.Build.0 = Debug|Any CPU
		{F1941AD8-FD5F-4CF6-A5C0-4CB804FB0FC4}.Release|Any CPU.ActiveCfg = Release|Any CPU
		{F1941AD8-FD5F-4CF6-A5C0-4CB804FB0FC4}.Release|Any CPU.Build.0 = Release|Any CPU
	EndGlobalSection
	GlobalSection(SolutionProperties) = preSolution
		HideSolutionNode = FALSE
	EndGlobalSection
	GlobalSection(ExtensibilityGlobals) = postSolution
		SolutionGuid = {F0B6569A-A729-4336-823C-492D92258B15}
	EndGlobalSection
EndGlobal
